{
  "name": "lore-parser-mcbe",
  "version": "1.0.0",
  "lockfileVersion": 2,
  "requires": true,
  "packages": {
    "": {
      "name": "lore-parser-mcbe",
      "version": "1.0.0",
      "license": "ISC",
      "dependencies": {
        "@minecraft/server": "^1.7.0-beta.1.20.40-preview.23"
      },
      "devDependencies": {
        "typescript": "^5.2.2"
      }
    },
    "node_modules/@minecraft/common": {
      "version": "1.0.0-rc.1.20.40-preview.23",
      "resolved": "https://registry.npmjs.org/@minecraft/common/-/common-1.0.0-rc.1.20.40-preview.23.tgz",
      "integrity": "sha512-zwrPrZrBLMlrE0ELrM1eQ9oWIlSpSJvtoZ9/we2vbDO5tdPLcflUVax031uqpQdHvUO9cxU20WgvoVnuu+uh5w=="
    },
    "node_modules/@minecraft/server": {
      "version": "1.7.0-beta.1.20.40-preview.23",
      "resolved": "https://registry.npmjs.org/@minecraft/server/-/server-1.7.0-beta.1.20.40-preview.23.tgz",
      "integrity": "sha512-0XdhAyoDUycFux1TFV/L9DhRr77aT9IvI/y/2mTGFiSOM9OZ4GVgdPpTkVTZw3nciCuTL9miQrKOxJ8ma7xF3Q==",
      "dependencies": {
        "@minecraft/common": "^1.0.0-rc.1.20.40-preview.23"
      }
    },
    "node_modules/typescript": {
      "version": "5.2.2",
      "resolved": "https://registry.npmjs.org/typescript/-/typescript-5.2.2.tgz",
      "integrity": "sha512-mI4WrpHsbCIcwT9cF4FZvr80QUeKvsUsUvKDoR+X/7XHQH98xYD8YHZg7ANtz2GtZt/CBq2QJ0thkGJMHfqc1w==",
      "dev": true,
      "bin": {
        "tsc": "bin/tsc",
        "tsserver": "bin/tsserver"
      },
      "engines": {
        "node": ">=14.17"
      }
    }
  },
  "dependencies": {
    "@minecraft/common": {
      "version": "1.0.0-rc.1.20.40-preview.23",
      "resolved": "https://registry.npmjs.org/@minecraft/common/-/common-1.0.0-rc.1.20.40-preview.23.tgz",
      "integrity": "sha512-zwrPrZrBLMlrE0ELrM1eQ9oWIlSpSJvtoZ9/we2vbDO5tdPLcflUVax031uqpQdHvUO9cxU20WgvoVnuu+uh5w=="
    },
    "@minecraft/server": {
      "version": "1.7.0-beta.1.20.40-preview.23",
      "resolved": "https://registry.npmjs.org/@minecraft/server/-/server-1.7.0-beta.1.20.40-preview.23.tgz",
      "integrity": "sha512-0XdhAyoDUycFux1TFV/L9DhRr77aT9IvI/y/2mTGFiSOM9OZ4GVgdPpTkVTZw3nciCuTL9miQrKOxJ8ma7xF3Q==",
      "requires": {
        "@minecraft/common": "^1.0.0-rc.1.20.40-preview.23"
      }
    },
    "typescript": {
      "version": "5.2.2",
      "resolved": "https://registry.npmjs.org/typescript/-/typescript-5.2.2.tgz",
      "integrity": "sha512-mI4WrpHsbCIcwT9cF4FZvr80QUeKvsUsUvKDoR+X/7XHQH98xYD8YHZg7ANtz2GtZt/CBq2QJ0thkGJMHfqc1w==",
      "dev": true
    }
  }
}
